
Microsoft Visual Studio Solution File, Format Version 12.00
Project("{FAE04EC0-301F-11D3-BF4B-00C04F79EFBC}") = "ProductFeatureManagementSystem", "ProductFeatureManagementSystem\ProductFeatureManagementSystem.csproj", "{750239B6-BCA2-48D0-8D0A-4B867B4C952C}"
EndProject
Global
	GlobalSection(SolutionConfigurationPlatforms) = preSolution
		Debug|Any CPU = Debug|Any CPU
		Release|Any CPU = Release|Any CPU
	EndGlobalSection
	GlobalSection(ProjectConfigurationPlatforms) = postSolution
		{750239B6-BCA2-48D0-8D0A-4B867B4C952C}.Debug|Any CPU.ActiveCfg = Debug|Any CPU
		{750239B6-BCA2-48D0-8D0A-4B867B4C952C}.Debug|Any CPU.Build.0 = Debug|Any CPU
		{750239B6-BCA2-48D0-8D0A-4B867B4C952C}.Release|Any CPU.ActiveCfg = Release|Any CPU
		{750239B6-BCA2-48D0-8D0A-4B867B4C952C}.Release|Any CPU.Build.0 = Release|Any CPU
	EndGlobalSection
EndGlobal
